
Microsoft Visual Studio Solution File, Format Version 12.00
# Visual Studio Version 16
VisualStudioVersion = 16.0.30907.101
MinimumVisualStudioVersion = 10.0.40219.1
Project("{FAE04EC0-301F-11D3-BF4B-00C04F79EFBC}") = "413Assignment2", "413Assignment2.csproj", "{27633777-6E4F-47EC-89D5-B54577B0B480}"
EndProject
Global
	GlobalSection(SolutionConfigurationPlatforms) = preSolution
		Debug|Any CPU = Debug|Any CPU
		Release|Any CPU = Release|Any CPU
	EndGlobalSection
	GlobalSection(ProjectConfigurationPlatforms) = postSolution
		{27633777-6E4F-47EC-89D5-B54577B0B480}.Debug|Any CPU.ActiveCfg = Debug|Any CPU
		{27633777-6E4F-47EC-89D5-B54577B0B480}.Debug|Any CPU.Build.0 = Debug|Any CPU
		{27633777-6E4F-47EC-89D5-B54577B0B480}.Release|Any CPU.ActiveCfg = Release|Any CPU
		{27633777-6E4F-47EC-89D5-B54577B0B480}.Release|Any CPU.Build.0 = Release|Any CPU
	EndGlobalSection
	GlobalSection(SolutionProperties) = preSolution
		HideSolutionNode = FALSE
	EndGlobalSection
	GlobalSection(ExtensibilityGlobals) = postSolution
		SolutionGuid = {50435777-234E-47F2-91BE-46B61780BF34}
	EndGlobalSection
EndGlobal
